
Microsoft Visual Studio Solution File, Format Version 12.00
# Visual Studio Version 17
VisualStudioVersion = 17.7.34024.191
MinimumVisualStudioVersion = 10.0.40219.1
Project("{FAE04EC0-301F-11D3-BF4B-00C04F79EFBC}") = "FlagsTest.WPF", "FlagsTest.WPF\FlagsTest.WPF.csproj", "{935C95BD-B94F-43D2-B6E5-43A5DA10417F}"
EndProject
Project("{FAE04EC0-301F-11D3-BF4B-00C04F79EFBC}") = "FlagsTest.LIBRARY", "FlagsTest.LIBRARY\FlagsTest.LIBRARY.csproj", "{89FD0D8C-F6A2-4481-8FBD-91015FCAB14C}"
EndProject
Global
	GlobalSection(SolutionConfigurationPlatforms) = preSolution
		Debug|Any CPU = Debug|Any CPU
		Release|Any CPU = Release|Any CPU
	EndGlobalSection
	GlobalSection(ProjectConfigurationPlatforms) = postSolution
		{935C95BD-B94F-43D2-B6E5-43A5DA10417F}.Debug|Any CPU.ActiveCfg = Debug|Any CPU
		{935C95BD-B94F-43D2-B6E5-43A5DA10417F}.Debug|Any CPU.Build.0 = Debug|Any CPU
		{935C95BD-B94F-43D2-B6E5-43A5DA10417F}.Release|Any CPU.ActiveCfg = Release|Any CPU
		{935C95BD-B94F-43D2-B6E5-43A5DA10417F}.Release|Any CPU.Build.0 = Release|Any CPU
		{89FD0D8C-F6A2-4481-8FBD-91015FCAB14C}.Debug|Any CPU.ActiveCfg = Debug|Any CPU
		{89FD0D8C-F6A2-4481-8FBD-91015FCAB14C}.Debug|Any CPU.Build.0 = Debug|Any CPU
		{89FD0D8C-F6A2-4481-8FBD-91015FCAB14C}.Release|Any CPU.ActiveCfg = Release|Any CPU
		{89FD0D8C-F6A2-4481-8FBD-91015FCAB14C}.Release|Any CPU.Build.0 = Release|Any CPU
	EndGlobalSection
	GlobalSection(SolutionProperties) = preSolution
		HideSolutionNode = FALSE
	EndGlobalSection
	GlobalSection(ExtensibilityGlobals) = postSolution
		SolutionGuid = {20464481-F986-475A-803D-EEC8C6A70980}
	EndGlobalSection
EndGlobal
